// !$*UTF8*$!
{
	archiveVersion = 1;
	classes = {
	};
	objectVersion = 46;
	objects = {

/* Begin PBXBuildFile section */
		F4AD5DC01C9FF6B30085BC64 /* AppDelegate.swift in Sources */ = {isa = PBXBuildFile; fileRef = F4AD5DBF1C9FF6B30085BC64 /* AppDelegate.swift */; };
		F4AD5DC21C9FF6B30085BC64 /* ViewController.swift in Sources */ = {isa = PBXBuildFile; fileRef = F4AD5DC11C9FF6B30085BC64 /* ViewController.swift */; };
		F4AD5DC51C9FF6B30085BC64 /* Main.storyboard in Resources */ = {isa = PBXBuildFile; fileRef = F4AD5DC31C9FF6B30085BC64 /* Main.storyboard */; };
		F4AD5DC71C9FF6B30085BC64 /* Assets.xcassets in Resources */ = {isa = PBXBuildFile; fileRef = F4AD5DC61C9FF6B30085BC64 /* Assets.xcassets */; };
		F4AD5DCA1C9FF6B30085BC64 /* LaunchScreen.storyboard in Resources */ = {isa = PBXBuildFile; fileRef = F4AD5DC81C9FF6B30085BC64 /* LaunchScreen.storyboard */; };
		F4AD5DD21C9FFCAF0085BC64 /* GenerateQRVC.swift in Sources */ = {isa = PBXBuildFile; fileRef = F4AD5DD11C9FFCAF0085BC64 /* GenerateQRVC.swift */; };
		F4AD5DD41C9FFCC00085BC64 /* ScanQRVC.swift in Sources */ = {isa = PBXBuildFile; fileRef = F4AD5DD31C9FFCC00085BC64 /* ScanQRVC.swift */; };
		F4AD5DD61CA037C30085BC64 /* OpenQRVC.swift in Sources */ = {isa = PBXBuildFile; fileRef = F4AD5DD51CA037C30085BC64 /* OpenQRVC.swift */; };
/* End PBXBuildFile section */

/* Begin PBXFileReference section */
		F4AD5DBC1C9FF6B30085BC64 /* QRCoder.app */ = {isa = PBXFileReference; explicitFileType = wrapper.application; includeInIndex = 0; path = QRCoder.app; sourceTree = BUILT_PRODUCTS_DIR; };
		F4AD5DBF1C9FF6B30085BC64 /* AppDelegate.swift */ = {isa = PBXFileReference; lastKnownFileType = sourcecode.swift; path = AppDelegate.swift; sourceTree = "<group>"; };
		F4AD5DC11C9FF6B30085BC64 /* ViewController.swift */ = {isa = PBXFileReference; lastKnownFileType = sourcecode.swift; path = ViewController.swift; sourceTree = "<group>"; };
		F4AD5DC41C9FF6B30085BC64 /* Base */ = {isa = PBXFileReference; lastKnownFileType = file.storyboard; name = Base; path = Base.lproj/Main.storyboard; sourceTree = "<group>"; };
		F4AD5DC61C9FF6B30085BC64 /* Assets.xcassets */ = {isa = PBXFileReference; lastKnownFileType = folder.assetcatalog; path = Assets.xcassets; sourceTree = "<group>"; };
		F4AD5DC91C9FF6B30085BC64 /* Base */ = {isa = PBXFileReference; lastKnownFileType = file.storyboard; name = Base; path = Base.lproj/LaunchScreen.storyboard; sourceTree = "<group>"; };
		F4AD5DCB1C9FF6B30085BC64 /* Info.plist */ = {isa = PBXFileReference; lastKnownFileType = text.plist.xml; path = Info.plist; sourceTree = "<group>"; };
		F4AD5DD11C9FFCAF0085BC64 /* GenerateQRVC.swift */ = {isa = PBXFileReference; fileEncoding = 4; lastKnownFileType = sourcecode.swift; name = GenerateQRVC.swift; path = ViewControllers/GenerateQRVC.swift; sourceTree = "<group>"; };
		F4AD5DD31C9FFCC00085BC64 /* ScanQRVC.swift */ = {isa = PBXFileReference; fileEncoding = 4; lastKnownFileType = sourcecode.swift; name = ScanQRVC.swift; path = ViewControllers/ScanQRVC.swift; sourceTree = "<group>"; };
		F4AD5DD51CA037C30085BC64 /* OpenQRVC.swift */ = {isa = PBXFileReference; fileEncoding = 4; lastKnownFileType = sourcecode.swift; name = OpenQRVC.swift; path = ViewControllers/OpenQRVC.swift; sourceTree = "<group>"; };
/* End PBXFileReference section */

/* Begin PBXFrameworksBuildPhase section */
		F4AD5DB91C9FF6B30085BC64 /* Frameworks */ = {
			isa = PBXFrameworksBuildPhase;
			buildActionMask = 2147483647;
			files = (
			);
			runOnlyForDeploymentPostprocessing = 0;
		};
/* End PBXFrameworksBuildPhase section */

/* Begin PBXGroup section */
		F4AD5DB31C9FF6B30085BC64 = {
			isa = PBXGroup;
			children = (
				F4AD5DBE1C9FF6B30085BC64 /* QRCoder */,
				F4AD5DBD1C9FF6B30085BC64 /* Products */,
			);
			sourceTree = "<group>";
		};
		F4AD5DBD1C9FF6B30085BC64 /* Products */ = {
			isa = PBXGroup;
			children = (
				F4AD5DBC1C9FF6B30085BC64 /* QRCoder.app */,
			);
			name = Products;
			sourceTree = "<group>";
		};
		F4AD5DBE1C9FF6B30085BC64 /* QRCoder */ = {
			isa = PBXGroup;
			children = (
				F4AD5DBF1C9FF6B30085BC64 /* AppDelegate.swift */,
				F4AD5DC11C9FF6B30085BC64 /* ViewController.swift */,
				F4AD5DD11C9FFCAF0085BC64 /* GenerateQRVC.swift */,
				F4AD5DD31C9FFCC00085BC64 /* ScanQRVC.swift */,
				F4AD5DC31C9FF6B30085BC64 /* Main.storyboard */,
				F4AD5DD51CA037C30085BC64 /* OpenQRVC.swift */,
				F4AD5DC61C9FF6B30085BC64 /* Assets.xcassets */,
				F4AD5DC81C9FF6B30085BC64 /* LaunchScreen.storyboard */,
				F4AD5DCB1C9FF6B30085BC64 /* Info.plist */,
			);
			path = QRCoder;
			sourceTree = "<group>";
		};
/* End PBXGroup section */

/* Begin PBXNativeTarget section */
		F4AD5DBB1C9FF6B30085BC64 /* QRCoder */ = {
			isa = PBXNativeTarget;
			buildConfigurationList = F4AD5DCE1C9FF6B30085BC64 /* Build configuration list for PBXNativeTarget "QRCoder" */;
			buildPhases = (
				F4AD5DB81C9FF6B30085BC64 /* Sources */,
				F4AD5DB91C9FF6B30085BC64 /* Frameworks */,
				F4AD5DBA1C9FF6B30085BC64 /* Resources */,
			);
			buildRules = (
			);
			dependencies = (
			);
			name = QRCoder;
			productName = QRCoder;
			productReference = F4AD5DBC1C9FF6B30085BC64 /* QRCoder.app */;
			productType = "com.apple.product-type.application";
		};
/* End PBXNativeTarget section */

/* Begin PBXProject section */
		F4AD5DB41C9FF6B30085BC64 /* Project object */ = {
			isa = PBXProject;
			attributes = {
				LastSwiftUpdateCheck = 0720;
				LastUpgradeCheck = 0720;
				ORGANIZATIONNAME = Arun;
				TargetAttributes = {
					F4AD5DBB1C9FF6B30085BC64 = {
						CreatedOnToolsVersion = 7.2.1;
					};
				};
			};
			buildConfigurationList = F4AD5DB71C9FF6B30085BC64 /* Build configuration list for PBXProject "QRCoder" */;
			compatibilityVersion = "Xcode 3.2";
			developmentRegion = English;
			hasScannedForEncodings = 0;
			knownRegions = (
				en,
				Base,
			);
			mainGroup = F4AD5DB31C9FF6B30085BC64;
			productRefGroup = F4AD5DBD1C9FF6B30085BC64 /* Products */;
			projectDirPath = "";
			projectRoot = "";
			targets = (
				F4AD5DBB1C9FF6B30085BC64 /* QRCoder */,
			);
		};
/* End PBXProject section */

/* Begin PBXResourcesBuildPhase section */
		F4AD5DBA1C9FF6B30085BC64 /* Resources */ = {
			isa = PBXResourcesBuildPhase;
			buildActionMask = 2147483647;
			files = (
				F4AD5DCA1C9FF6B30085BC64 /* LaunchScreen.storyboard in Resources */,
				F4AD5DC71C9FF6B30085BC64 /* Assets.xcassets in Resources */,
				F4AD5DC51C9FF6B30085BC64 /* Main.storyboard in Resources */,
			);
			runOnlyForDeploymentPostprocessing = 0;
		};
/* End PBXResourcesBuildPhase section */

/* Begin PBXSourcesBuildPhase section */
		F4AD5DB81C9FF6B30085BC64 /* Sources */ = {
			isa = PBXSourcesBuildPhase;
			buildActionMask = 2147483647;
			files = (
				F4AD5DC21C9FF6B30085BC64 /* ViewController.swift in Sources */,
				F4AD5DD41C9FFCC00085BC64 /* ScanQRVC.swift in Sources */,
				F4AD5DD61CA037C30085BC64 /* OpenQRVC.swift in Sources */,
				F4AD5DD21C9FFCAF0085BC64 /* GenerateQRVC.swift in Sources */,
				F4AD5DC01C9FF6B30085BC64 /* AppDelegate.swift in Sources */,
			);
			runOnlyForDeploymentPostprocessing = 0;
		};
/* End PBXSourcesBuildPhase section */

/* Begin PBXVariantGroup section */
		F4AD5DC31C9FF6B30085BC64 /* Main.storyboard */ = {
			isa = PBXVariantGroup;
			children = (
				F4AD5DC41C9FF6B30085BC64 /* Base */,
			);
			name = Main.storyboard;
			sourceTree = "<group>";
		};
		F4AD5DC81C9FF6B30085BC64 /* LaunchScreen.storyboard */ = {
			isa = PBXVariantGroup;
			children = (
				F4AD5DC91C9FF6B30085BC64 /* Base */,
			);
			name = LaunchScreen.storyboard;
			sourceTree = "<group>";
		};
/* End PBXVariantGroup section */

/* Begin XCBuildConfiguration section */
		F4AD5DCC1C9FF6B30085BC64 /* Debug */ = {
			isa = XCBuildConfiguration;
			buildSettings = {
				ALWAYS_SEARCH_USER_PATHS = NO;
				CLANG_CXX_LANGUAGE_STANDARD = "gnu++0x";
				CLANG_CXX_LIBRARY = "libc++";
				CLANG_ENABLE_MODULES = YES;
				CLANG_ENABLE_OBJC_ARC = YES;
				CLANG_WARN_BOOL_CONVERSION = YES;
				CLANG_WARN_CONSTANT_CONVERSION = YES;
				CLANG_WARN_DIRECT_OBJC_ISA_USAGE = YES_ERROR;
				CLANG_WARN_EMPTY_BODY = YES;
				CLANG_WARN_ENUM_CONVERSION = YES;
				CLANG_WARN_INT_CONVERSION = YES;
				CLANG_WARN_OBJC_ROOT_CLASS = YES_ERROR;
				CLANG_WARN_UNREACHABLE_CODE = YES;
				CLANG_WARN__DUPLICATE_METHOD_MATCH = YES;
				CODE_SIGN_IDENTITY = "iPhone Developer: Hiren Gogoi (RRPSVTDQW4)";
				"CODE_SIGN_IDENTITY[sdk=iphoneos*]" = "iPhone Developer: Hiren Gogoi (RRPSVTDQW4)";
				COPY_PHASE_STRIP = NO;
				DEBUG_INFORMATION_FORMAT = dwarf;
				ENABLE_STRICT_OBJC_MSGSEND = YES;
				ENABLE_TESTABILITY = YES;
				GCC_C_LANGUAGE_STANDARD = gnu99;
				GCC_DYNAMIC_NO_PIC = NO;
				GCC_NO_COMMON_BLOCKS = YES;
				GCC_OPTIMIZATION_LEVEL = 0;
				GCC_PREPROCESSOR_DEFINITIONS = (
					"DEBUG=1",
					"$(inherited)",
				);
				GCC_WARN_64_TO_32_BIT_CONVERSION = YES;
				GCC_WARN_ABOUT_RETURN_TYPE = YES_ERROR;
				GCC_WARN_UNDECLARED_SELECTOR = YES;
				GCC_WARN_UNINITIALIZED_AUTOS = YES_AGGRESSIVE;
				GCC_WARN_UNUSED_FUNCTION = YES;
				GCC_WARN_UNUSED_VARIABLE = YES;
				IPHONEOS_DEPLOYMENT_TARGET = 9.2;
				MTL_ENABLE_DEBUG_INFO = YES;
				ONLY_ACTIVE_ARCH = YES;
				PROVISIONING_PROFILE = "f4457362-cc0d-48c4-8b42-e52430ae2644";
				SDKROOT = iphoneos;
				SWIFT_OPTIMIZATION_LEVEL = "-Onone";
				TARGETED_DEVICE_FAMILY = "1,2";
			};
			name = Debug;
		};
		F4AD5DCD1C9FF6B30085BC64 /* Release */ = {
			isa = XCBuildConfiguration;
			buildSettings = {
				ALWAYS_SEARCH_USER_PATHS = NO;
				CLANG_CXX_LANGUAGE_STANDARD = "gnu++0x";
				CLANG_CXX_LIBRARY = "libc++";
				CLANG_ENABLE_MODULES = YES;
				CLANG_ENABLE_OBJC_ARC = YES;
				CLANG_WARN_BOOL_CONVERSION = YES;
				CLANG_WARN_CONSTANT_CONVERSION = YES;
				CLANG_WARN_DIRECT_OBJC_ISA_USAGE = YES_ERROR;
				CLANG_WARN_EMPTY_BODY = YES;
				CLANG_WARN_ENUM_CONVERSION = YES;
				CLANG_WARN_INT_CONVERSION = YES;
				CLANG_WARN_OBJC_ROOT_CLASS = YES_ERROR;
				CLANG_WARN_UNREACHABLE_CODE = YES;
				CLANG_WARN__DUPLICATE_METHOD_MATCH = YES;
				CODE_SIGN_IDENTITY = "iPhone Developer: Hiren Gogoi (RRPSVTDQW4)";
				"CODE_SIGN_IDENTITY[sdk=iphoneos*]" = "iPhone Developer: Hiren Gogoi (RRPSVTDQW4)";
				COPY_PHASE_STRIP = NO;
				DEBUG_INFORMATION_FORMAT = "dwarf-with-dsym";
				ENABLE_NS_ASSERTIONS = NO;
				ENABLE_STRICT_OBJC_MSGSEND = YES;
				GCC_C_LANGUAGE_STANDARD = gnu99;
				GCC_NO_COMMON_BLOCKS = YES;
				GCC_WARN_64_TO_32_BIT_CONVERSION = YES;
				GCC_WARN_ABOUT_RETURN_TYPE = YES_ERROR;
				GCC_WARN_UNDECLARED_SELECTOR = YES;
				GCC_WARN_UNINITIALIZED_AUTOS = YES_AGGRESSIVE;
				GCC_WARN_UNUSED_FUNCTION = YES;
				GCC_WARN_UNUSED_VARIABLE = YES;
				IPHONEOS_DEPLOYMENT_TARGET = 9.2;
				MTL_ENABLE_DEBUG_INFO = NO;
				PROVISIONING_PROFILE = "f4457362-cc0d-48c4-8b42-e52430ae2644";
				SDKROOT = iphoneos;
				TARGETED_DEVICE_FAMILY = "1,2";
				VALIDATE_PRODUCT = YES;
			};
			name = Release;
		};
		F4AD5DCF1C9FF6B30085BC64 /* Debug */ = {
			isa = XCBuildConfiguration;
			buildSettings = {
				ASSETCATALOG_COMPILER_APPICON_NAME = AppIcon;
				CODE_SIGN_IDENTITY = "iPhone Developer: Hiren Gogoi (RRPSVTDQW4)";
				"CODE_SIGN_IDENTITY[sdk=iphoneos*]" = "iPhone Developer: Hiren Gogoi (RRPSVTDQW4)";
				INFOPLIST_FILE = QRCoder/Info.plist;
				IPHONEOS_DEPLOYMENT_TARGET = 7.0;
				LD_RUNPATH_SEARCH_PATHS = "$(inherited) @executable_path/Frameworks";
				PRODUCT_BUNDLE_IDENTIFIER = com.test.demoId.QRCoder;
				PRODUCT_NAME = "$(TARGET_NAME)";
				PROVISIONING_PROFILE = "f4457362-cc0d-48c4-8b42-e52430ae2644";
			};
			name = Debug;
		};
		F4AD5DD01C9FF6B30085BC64 /* Release */ = {
			isa = XCBuildConfiguration;
			buildSettings = {
				ASSETCATALOG_COMPILER_APPICON_NAME = AppIcon;
				CODE_SIGN_IDENTITY = "iPhone Developer: Hiren Gogoi (RRPSVTDQW4)";
				"CODE_SIGN_IDENTITY[sdk=iphoneos*]" = "iPhone Developer: Hiren Gogoi (RRPSVTDQW4)";
				INFOPLIST_FILE = QRCoder/Info.plist;
				IPHONEOS_DEPLOYMENT_TARGET = 7.0;
				LD_RUNPATH_SEARCH_PATHS = "$(inherited) @executable_path/Frameworks";
				PRODUCT_BUNDLE_IDENTIFIER = com.test.demoId.QRCoder;
				PRODUCT_NAME = "$(TARGET_NAME)";
				PROVISIONING_PROFILE = "f4457362-cc0d-48c4-8b42-e52430ae2644";
			};
			name = Release;
		};
/* End XCBuildConfiguration section */

/* Begin XCConfigurationList section */
		F4AD5DB71C9FF6B30085BC64 /* Build configuration list for PBXProject "QRCoder" */ = {
			isa = XCConfigurationList;
			buildConfigurations = (
				F4AD5DCC1C9FF6B30085BC64 /* Debug */,
				F4AD5DCD1C9FF6B30085BC64 /* Release */,
			);
			defaultConfigurationIsVisible = 0;
			defaultConfigurationName = Release;
		};
		F4AD5DCE1C9FF6B30085BC64 /* Build configuration list for PBXNativeTarget "QRCoder" */ = {
			isa = XCConfigurationList;
			buildConfigurations = (
				F4AD5DCF1C9FF6B30085BC64 /* Debug */,
				F4AD5DD01C9FF6B30085BC64 /* Release */,
			);
			defaultConfigurationIsVisible = 0;
			defaultConfigurationName = Release;
		};
/* End XCConfigurationList section */
	};
	rootObject = F4AD5DB41C9FF6B30085BC64 /* Project object */;
}
