// !$*UTF8*$!
{
	archiveVersion = 1;
	classes = {
	};
	objectVersion = 46;
	objects = {

/* Begin PBXBuildFile section */
		F43F7FD41CE074CE00FA824F /* AppDelegate.swift in Sources */ = {isa = PBXBuildFile; fileRef = F43F7FD31CE074CE00FA824F /* AppDelegate.swift */; };
		F43F7FD61CE074CE00FA824F /* ViewController.swift in Sources */ = {isa = PBXBuildFile; fileRef = F43F7FD51CE074CE00FA824F /* ViewController.swift */; };
		F43F7FD91CE074CE00FA824F /* Main.storyboard in Resources */ = {isa = PBXBuildFile; fileRef = F43F7FD71CE074CE00FA824F /* Main.storyboard */; };
		F43F7FDB1CE074CE00FA824F /* Assets.xcassets in Resources */ = {isa = PBXBuildFile; fileRef = F43F7FDA1CE074CE00FA824F /* Assets.xcassets */; };
		F43F7FDE1CE074CE00FA824F /* LaunchScreen.storyboard in Resources */ = {isa = PBXBuildFile; fileRef = F43F7FDC1CE074CE00FA824F /* LaunchScreen.storyboard */; };
/* End PBXBuildFile section */

/* Begin PBXCopyFilesBuildPhase section */
		F43F800D1CE07B8500FA824F /* Embed Watch Content */ = {
			isa = PBXCopyFilesBuildPhase;
			buildActionMask = 2147483647;
			dstPath = "$(CONTENTS_FOLDER_PATH)/Watch";
			dstSubfolderSpec = 16;
			files = (
			);
			name = "Embed Watch Content";
			runOnlyForDeploymentPostprocessing = 0;
		};
/* End PBXCopyFilesBuildPhase section */

/* Begin PBXFileReference section */
		F43F7FD01CE074CE00FA824F /* SwipingView.app */ = {isa = PBXFileReference; explicitFileType = wrapper.application; includeInIndex = 0; path = SwipingView.app; sourceTree = BUILT_PRODUCTS_DIR; };
		F43F7FD31CE074CE00FA824F /* AppDelegate.swift */ = {isa = PBXFileReference; lastKnownFileType = sourcecode.swift; path = AppDelegate.swift; sourceTree = "<group>"; };
		F43F7FD51CE074CE00FA824F /* ViewController.swift */ = {isa = PBXFileReference; lastKnownFileType = sourcecode.swift; path = ViewController.swift; sourceTree = "<group>"; };
		F43F7FD81CE074CE00FA824F /* Base */ = {isa = PBXFileReference; lastKnownFileType = file.storyboard; name = Base; path = Base.lproj/Main.storyboard; sourceTree = "<group>"; };
		F43F7FDA1CE074CE00FA824F /* Assets.xcassets */ = {isa = PBXFileReference; lastKnownFileType = folder.assetcatalog; path = Assets.xcassets; sourceTree = "<group>"; };
		F43F7FDD1CE074CE00FA824F /* Base */ = {isa = PBXFileReference; lastKnownFileType = file.storyboard; name = Base; path = Base.lproj/LaunchScreen.storyboard; sourceTree = "<group>"; };
		F43F7FDF1CE074CE00FA824F /* Info.plist */ = {isa = PBXFileReference; lastKnownFileType = text.plist.xml; path = Info.plist; sourceTree = "<group>"; };
/* End PBXFileReference section */

/* Begin PBXFrameworksBuildPhase section */
		F43F7FCD1CE074CE00FA824F /* Frameworks */ = {
			isa = PBXFrameworksBuildPhase;
			buildActionMask = 2147483647;
			files = (
			);
			runOnlyForDeploymentPostprocessing = 0;
		};
/* End PBXFrameworksBuildPhase section */

/* Begin PBXGroup section */
		F43F7FC71CE074CE00FA824F = {
			isa = PBXGroup;
			children = (
				F43F7FD21CE074CE00FA824F /* SwipingView */,
				F43F7FD11CE074CE00FA824F /* Products */,
			);
			sourceTree = "<group>";
		};
		F43F7FD11CE074CE00FA824F /* Products */ = {
			isa = PBXGroup;
			children = (
				F43F7FD01CE074CE00FA824F /* SwipingView.app */,
			);
			name = Products;
			sourceTree = "<group>";
		};
		F43F7FD21CE074CE00FA824F /* SwipingView */ = {
			isa = PBXGroup;
			children = (
				F43F7FD31CE074CE00FA824F /* AppDelegate.swift */,
				F43F7FD51CE074CE00FA824F /* ViewController.swift */,
				F43F7FD71CE074CE00FA824F /* Main.storyboard */,
				F43F7FDA1CE074CE00FA824F /* Assets.xcassets */,
				F43F7FDC1CE074CE00FA824F /* LaunchScreen.storyboard */,
				F43F7FDF1CE074CE00FA824F /* Info.plist */,
			);
			path = SwipingView;
			sourceTree = "<group>";
		};
/* End PBXGroup section */

/* Begin PBXNativeTarget section */
		F43F7FCF1CE074CE00FA824F /* SwipingView */ = {
			isa = PBXNativeTarget;
			buildConfigurationList = F43F7FE21CE074CE00FA824F /* Build configuration list for PBXNativeTarget "SwipingView" */;
			buildPhases = (
				F43F7FCC1CE074CE00FA824F /* Sources */,
				F43F7FCD1CE074CE00FA824F /* Frameworks */,
				F43F7FCE1CE074CE00FA824F /* Resources */,
				F43F800D1CE07B8500FA824F /* Embed Watch Content */,
			);
			buildRules = (
			);
			dependencies = (
			);
			name = SwipingView;
			productName = SwipingView;
			productReference = F43F7FD01CE074CE00FA824F /* SwipingView.app */;
			productType = "com.apple.product-type.application";
		};
/* End PBXNativeTarget section */

/* Begin PBXProject section */
		F43F7FC81CE074CE00FA824F /* Project object */ = {
			isa = PBXProject;
			attributes = {
				LastSwiftUpdateCheck = 0730;
				LastUpgradeCheck = 0730;
				ORGANIZATIONNAME = Arun;
				TargetAttributes = {
					F43F7FCF1CE074CE00FA824F = {
						CreatedOnToolsVersion = 7.3;
					};
				};
			};
			buildConfigurationList = F43F7FCB1CE074CE00FA824F /* Build configuration list for PBXProject "SwipingView" */;
			compatibilityVersion = "Xcode 3.2";
			developmentRegion = English;
			hasScannedForEncodings = 0;
			knownRegions = (
				en,
				Base,
			);
			mainGroup = F43F7FC71CE074CE00FA824F;
			productRefGroup = F43F7FD11CE074CE00FA824F /* Products */;
			projectDirPath = "";
			projectRoot = "";
			targets = (
				F43F7FCF1CE074CE00FA824F /* SwipingView */,
			);
		};
/* End PBXProject section */

/* Begin PBXResourcesBuildPhase section */
		F43F7FCE1CE074CE00FA824F /* Resources */ = {
			isa = PBXResourcesBuildPhase;
			buildActionMask = 2147483647;
			files = (
				F43F7FDE1CE074CE00FA824F /* LaunchScreen.storyboard in Resources */,
				F43F7FDB1CE074CE00FA824F /* Assets.xcassets in Resources */,
				F43F7FD91CE074CE00FA824F /* Main.storyboard in Resources */,
			);
			runOnlyForDeploymentPostprocessing = 0;
		};
/* End PBXResourcesBuildPhase section */

/* Begin PBXSourcesBuildPhase section */
		F43F7FCC1CE074CE00FA824F /* Sources */ = {
			isa = PBXSourcesBuildPhase;
			buildActionMask = 2147483647;
			files = (
				F43F7FD61CE074CE00FA824F /* ViewController.swift in Sources */,
				F43F7FD41CE074CE00FA824F /* AppDelegate.swift in Sources */,
			);
			runOnlyForDeploymentPostprocessing = 0;
		};
/* End PBXSourcesBuildPhase section */

/* Begin PBXVariantGroup section */
		F43F7FD71CE074CE00FA824F /* Main.storyboard */ = {
			isa = PBXVariantGroup;
			children = (
				F43F7FD81CE074CE00FA824F /* Base */,
			);
			name = Main.storyboard;
			sourceTree = "<group>";
		};
		F43F7FDC1CE074CE00FA824F /* LaunchScreen.storyboard */ = {
			isa = PBXVariantGroup;
			children = (
				F43F7FDD1CE074CE00FA824F /* Base */,
			);
			name = LaunchScreen.storyboard;
			sourceTree = "<group>";
		};
/* End PBXVariantGroup section */

/* Begin XCBuildConfiguration section */
		F43F7FE01CE074CE00FA824F /* Debug */ = {
			isa = XCBuildConfiguration;
			buildSettings = {
				ALWAYS_SEARCH_USER_PATHS = NO;
				CLANG_ANALYZER_NONNULL = YES;
				CLANG_CXX_LANGUAGE_STANDARD = "gnu++0x";
				CLANG_CXX_LIBRARY = "libc++";
				CLANG_ENABLE_MODULES = YES;
				CLANG_ENABLE_OBJC_ARC = YES;
				CLANG_WARN_BOOL_CONVERSION = YES;
				CLANG_WARN_CONSTANT_CONVERSION = YES;
				CLANG_WARN_DIRECT_OBJC_ISA_USAGE = YES_ERROR;
				CLANG_WARN_EMPTY_BODY = YES;
				CLANG_WARN_ENUM_CONVERSION = YES;
				CLANG_WARN_INT_CONVERSION = YES;
				CLANG_WARN_OBJC_ROOT_CLASS = YES_ERROR;
				CLANG_WARN_UNREACHABLE_CODE = YES;
				CLANG_WARN__DUPLICATE_METHOD_MATCH = YES;
				"CODE_SIGN_IDENTITY[sdk=iphoneos*]" = "iPhone Developer";
				COPY_PHASE_STRIP = NO;
				DEBUG_INFORMATION_FORMAT = dwarf;
				ENABLE_STRICT_OBJC_MSGSEND = YES;
				ENABLE_TESTABILITY = YES;
				GCC_C_LANGUAGE_STANDARD = gnu99;
				GCC_DYNAMIC_NO_PIC = NO;
				GCC_NO_COMMON_BLOCKS = YES;
				GCC_OPTIMIZATION_LEVEL = 0;
				GCC_PREPROCESSOR_DEFINITIONS = (
					"DEBUG=1",
					"$(inherited)",
				);
				GCC_WARN_64_TO_32_BIT_CONVERSION = YES;
				GCC_WARN_ABOUT_RETURN_TYPE = YES_ERROR;
				GCC_WARN_UNDECLARED_SELECTOR = YES;
				GCC_WARN_UNINITIALIZED_AUTOS = YES_AGGRESSIVE;
				GCC_WARN_UNUSED_FUNCTION = YES;
				GCC_WARN_UNUSED_VARIABLE = YES;
				IPHONEOS_DEPLOYMENT_TARGET = 9.3;
				MTL_ENABLE_DEBUG_INFO = YES;
				ONLY_ACTIVE_ARCH = YES;
				SDKROOT = iphoneos;
				SWIFT_OPTIMIZATION_LEVEL = "-Onone";
				TARGETED_DEVICE_FAMILY = "1,2";
			};
			name = Debug;
		};
		F43F7FE11CE074CE00FA824F /* Release */ = {
			isa = XCBuildConfiguration;
			buildSettings = {
				ALWAYS_SEARCH_USER_PATHS = NO;
				CLANG_ANALYZER_NONNULL = YES;
				CLANG_CXX_LANGUAGE_STANDARD = "gnu++0x";
				CLANG_CXX_LIBRARY = "libc++";
				CLANG_ENABLE_MODULES = YES;
				CLANG_ENABLE_OBJC_ARC = YES;
				CLANG_WARN_BOOL_CONVERSION = YES;
				CLANG_WARN_CONSTANT_CONVERSION = YES;
				CLANG_WARN_DIRECT_OBJC_ISA_USAGE = YES_ERROR;
				CLANG_WARN_EMPTY_BODY = YES;
				CLANG_WARN_ENUM_CONVERSION = YES;
				CLANG_WARN_INT_CONVERSION = YES;
				CLANG_WARN_OBJC_ROOT_CLASS = YES_ERROR;
				CLANG_WARN_UNREACHABLE_CODE = YES;
				CLANG_WARN__DUPLICATE_METHOD_MATCH = YES;
				"CODE_SIGN_IDENTITY[sdk=iphoneos*]" = "iPhone Developer";
				COPY_PHASE_STRIP = NO;
				DEBUG_INFORMATION_FORMAT = "dwarf-with-dsym";
				ENABLE_NS_ASSERTIONS = NO;
				ENABLE_STRICT_OBJC_MSGSEND = YES;
				GCC_C_LANGUAGE_STANDARD = gnu99;
				GCC_NO_COMMON_BLOCKS = YES;
				GCC_WARN_64_TO_32_BIT_CONVERSION = YES;
				GCC_WARN_ABOUT_RETURN_TYPE = YES_ERROR;
				GCC_WARN_UNDECLARED_SELECTOR = YES;
				GCC_WARN_UNINITIALIZED_AUTOS = YES_AGGRESSIVE;
				GCC_WARN_UNUSED_FUNCTION = YES;
				GCC_WARN_UNUSED_VARIABLE = YES;
				IPHONEOS_DEPLOYMENT_TARGET = 9.3;
				MTL_ENABLE_DEBUG_INFO = NO;
				SDKROOT = iphoneos;
				TARGETED_DEVICE_FAMILY = "1,2";
				VALIDATE_PRODUCT = YES;
			};
			name = Release;
		};
		F43F7FE31CE074CE00FA824F /* Debug */ = {
			isa = XCBuildConfiguration;
			buildSettings = {
				ASSETCATALOG_COMPILER_APPICON_NAME = AppIcon;
				CODE_SIGN_IDENTITY = "iPhone Developer";
				"CODE_SIGN_IDENTITY[sdk=iphoneos*]" = "iPhone Developer";
				INFOPLIST_FILE = SwipingView/Info.plist;
				IPHONEOS_DEPLOYMENT_TARGET = 8.0;
				LD_RUNPATH_SEARCH_PATHS = "$(inherited) @executable_path/Frameworks";
				PRODUCT_BUNDLE_IDENTIFIER = com.test.demoId.SwipingView;
				PRODUCT_NAME = "$(TARGET_NAME)";
				PROVISIONING_PROFILE = "";
			};
			name = Debug;
		};
		F43F7FE41CE074CE00FA824F /* Release */ = {
			isa = XCBuildConfiguration;
			buildSettings = {
				ASSETCATALOG_COMPILER_APPICON_NAME = AppIcon;
				CODE_SIGN_IDENTITY = "iPhone Developer";
				"CODE_SIGN_IDENTITY[sdk=iphoneos*]" = "iPhone Developer";
				INFOPLIST_FILE = SwipingView/Info.plist;
				IPHONEOS_DEPLOYMENT_TARGET = 8.0;
				LD_RUNPATH_SEARCH_PATHS = "$(inherited) @executable_path/Frameworks";
				PRODUCT_BUNDLE_IDENTIFIER = com.test.demoId.SwipingView;
				PRODUCT_NAME = "$(TARGET_NAME)";
				PROVISIONING_PROFILE = "";
			};
			name = Release;
		};
/* End XCBuildConfiguration section */

/* Begin XCConfigurationList section */
		F43F7FCB1CE074CE00FA824F /* Build configuration list for PBXProject "SwipingView" */ = {
			isa = XCConfigurationList;
			buildConfigurations = (
				F43F7FE01CE074CE00FA824F /* Debug */,
				F43F7FE11CE074CE00FA824F /* Release */,
			);
			defaultConfigurationIsVisible = 0;
			defaultConfigurationName = Release;
		};
		F43F7FE21CE074CE00FA824F /* Build configuration list for PBXNativeTarget "SwipingView" */ = {
			isa = XCConfigurationList;
			buildConfigurations = (
				F43F7FE31CE074CE00FA824F /* Debug */,
				F43F7FE41CE074CE00FA824F /* Release */,
			);
			defaultConfigurationIsVisible = 0;
			defaultConfigurationName = Release;
		};
/* End XCConfigurationList section */
	};
	rootObject = F43F7FC81CE074CE00FA824F /* Project object */;
}
