// !$*UTF8*$!
{
	archiveVersion = 1;
	classes = {
	};
	objectVersion = 46;
	objects = {

/* Begin PBXBuildFile section */
		F44C9C241E740C2100AD49B0 /* AppDelegate.swift in Sources */ = {isa = PBXBuildFile; fileRef = F44C9C231E740C2100AD49B0 /* AppDelegate.swift */; };
		F44C9C261E740C2100AD49B0 /* ViewController.swift in Sources */ = {isa = PBXBuildFile; fileRef = F44C9C251E740C2100AD49B0 /* ViewController.swift */; };
		F44C9C291E740C2100AD49B0 /* Main.storyboard in Resources */ = {isa = PBXBuildFile; fileRef = F44C9C271E740C2100AD49B0 /* Main.storyboard */; };
		F44C9C2B1E740C2100AD49B0 /* Assets.xcassets in Resources */ = {isa = PBXBuildFile; fileRef = F44C9C2A1E740C2100AD49B0 /* Assets.xcassets */; };
		F44C9C2E1E740C2100AD49B0 /* LaunchScreen.storyboard in Resources */ = {isa = PBXBuildFile; fileRef = F44C9C2C1E740C2100AD49B0 /* LaunchScreen.storyboard */; };
/* End PBXBuildFile section */

/* Begin PBXFileReference section */
		F44C9C201E740C2100AD49B0 /* ImageMagic.app */ = {isa = PBXFileReference; explicitFileType = wrapper.application; includeInIndex = 0; path = ImageMagic.app; sourceTree = BUILT_PRODUCTS_DIR; };
		F44C9C231E740C2100AD49B0 /* AppDelegate.swift */ = {isa = PBXFileReference; lastKnownFileType = sourcecode.swift; path = AppDelegate.swift; sourceTree = "<group>"; };
		F44C9C251E740C2100AD49B0 /* ViewController.swift */ = {isa = PBXFileReference; lastKnownFileType = sourcecode.swift; path = ViewController.swift; sourceTree = "<group>"; };
		F44C9C281E740C2100AD49B0 /* Base */ = {isa = PBXFileReference; lastKnownFileType = file.storyboard; name = Base; path = Base.lproj/Main.storyboard; sourceTree = "<group>"; };
		F44C9C2A1E740C2100AD49B0 /* Assets.xcassets */ = {isa = PBXFileReference; lastKnownFileType = folder.assetcatalog; path = Assets.xcassets; sourceTree = "<group>"; };
		F44C9C2D1E740C2100AD49B0 /* Base */ = {isa = PBXFileReference; lastKnownFileType = file.storyboard; name = Base; path = Base.lproj/LaunchScreen.storyboard; sourceTree = "<group>"; };
		F44C9C2F1E740C2100AD49B0 /* Info.plist */ = {isa = PBXFileReference; lastKnownFileType = text.plist.xml; path = Info.plist; sourceTree = "<group>"; };
/* End PBXFileReference section */

/* Begin PBXFrameworksBuildPhase section */
		F44C9C1D1E740C2100AD49B0 /* Frameworks */ = {
			isa = PBXFrameworksBuildPhase;
			buildActionMask = 2147483647;
			files = (
			);
			runOnlyForDeploymentPostprocessing = 0;
		};
/* End PBXFrameworksBuildPhase section */

/* Begin PBXGroup section */
		F44C9C171E740C2100AD49B0 = {
			isa = PBXGroup;
			children = (
				F44C9C221E740C2100AD49B0 /* ImageMagic */,
				F44C9C211E740C2100AD49B0 /* Products */,
			);
			sourceTree = "<group>";
		};
		F44C9C211E740C2100AD49B0 /* Products */ = {
			isa = PBXGroup;
			children = (
				F44C9C201E740C2100AD49B0 /* ImageMagic.app */,
			);
			name = Products;
			sourceTree = "<group>";
		};
		F44C9C221E740C2100AD49B0 /* ImageMagic */ = {
			isa = PBXGroup;
			children = (
				F44C9C231E740C2100AD49B0 /* AppDelegate.swift */,
				F44C9C251E740C2100AD49B0 /* ViewController.swift */,
				F44C9C271E740C2100AD49B0 /* Main.storyboard */,
				F44C9C2A1E740C2100AD49B0 /* Assets.xcassets */,
				F44C9C2C1E740C2100AD49B0 /* LaunchScreen.storyboard */,
				F44C9C2F1E740C2100AD49B0 /* Info.plist */,
			);
			path = ImageMagic;
			sourceTree = "<group>";
		};
/* End PBXGroup section */

/* Begin PBXNativeTarget section */
		F44C9C1F1E740C2100AD49B0 /* ImageMagic */ = {
			isa = PBXNativeTarget;
			buildConfigurationList = F44C9C321E740C2100AD49B0 /* Build configuration list for PBXNativeTarget "ImageMagic" */;
			buildPhases = (
				F44C9C1C1E740C2100AD49B0 /* Sources */,
				F44C9C1D1E740C2100AD49B0 /* Frameworks */,
				F44C9C1E1E740C2100AD49B0 /* Resources */,
			);
			buildRules = (
			);
			dependencies = (
			);
			name = ImageMagic;
			productName = ImageMagic;
			productReference = F44C9C201E740C2100AD49B0 /* ImageMagic.app */;
			productType = "com.apple.product-type.application";
		};
/* End PBXNativeTarget section */

/* Begin PBXProject section */
		F44C9C181E740C2100AD49B0 /* Project object */ = {
			isa = PBXProject;
			attributes = {
				LastSwiftUpdateCheck = 0820;
				LastUpgradeCheck = 0820;
				ORGANIZATIONNAME = "Arun Gupta";
				TargetAttributes = {
					F44C9C1F1E740C2100AD49B0 = {
						CreatedOnToolsVersion = 8.2.1;
						DevelopmentTeam = JYTG24W8TM;
						ProvisioningStyle = Automatic;
					};
				};
			};
			buildConfigurationList = F44C9C1B1E740C2100AD49B0 /* Build configuration list for PBXProject "ImageMagic" */;
			compatibilityVersion = "Xcode 3.2";
			developmentRegion = English;
			hasScannedForEncodings = 0;
			knownRegions = (
				en,
				Base,
			);
			mainGroup = F44C9C171E740C2100AD49B0;
			productRefGroup = F44C9C211E740C2100AD49B0 /* Products */;
			projectDirPath = "";
			projectRoot = "";
			targets = (
				F44C9C1F1E740C2100AD49B0 /* ImageMagic */,
			);
		};
/* End PBXProject section */

/* Begin PBXResourcesBuildPhase section */
		F44C9C1E1E740C2100AD49B0 /* Resources */ = {
			isa = PBXResourcesBuildPhase;
			buildActionMask = 2147483647;
			files = (
				F44C9C2E1E740C2100AD49B0 /* LaunchScreen.storyboard in Resources */,
				F44C9C2B1E740C2100AD49B0 /* Assets.xcassets in Resources */,
				F44C9C291E740C2100AD49B0 /* Main.storyboard in Resources */,
			);
			runOnlyForDeploymentPostprocessing = 0;
		};
/* End PBXResourcesBuildPhase section */

/* Begin PBXSourcesBuildPhase section */
		F44C9C1C1E740C2100AD49B0 /* Sources */ = {
			isa = PBXSourcesBuildPhase;
			buildActionMask = 2147483647;
			files = (
				F44C9C261E740C2100AD49B0 /* ViewController.swift in Sources */,
				F44C9C241E740C2100AD49B0 /* AppDelegate.swift in Sources */,
			);
			runOnlyForDeploymentPostprocessing = 0;
		};
/* End PBXSourcesBuildPhase section */

/* Begin PBXVariantGroup section */
		F44C9C271E740C2100AD49B0 /* Main.storyboard */ = {
			isa = PBXVariantGroup;
			children = (
				F44C9C281E740C2100AD49B0 /* Base */,
			);
			name = Main.storyboard;
			sourceTree = "<group>";
		};
		F44C9C2C1E740C2100AD49B0 /* LaunchScreen.storyboard */ = {
			isa = PBXVariantGroup;
			children = (
				F44C9C2D1E740C2100AD49B0 /* Base */,
			);
			name = LaunchScreen.storyboard;
			sourceTree = "<group>";
		};
/* End PBXVariantGroup section */

/* Begin XCBuildConfiguration section */
		F44C9C301E740C2100AD49B0 /* Debug */ = {
			isa = XCBuildConfiguration;
			buildSettings = {
				ALWAYS_SEARCH_USER_PATHS = NO;
				CLANG_ANALYZER_NONNULL = YES;
				CLANG_CXX_LANGUAGE_STANDARD = "gnu++0x";
				CLANG_CXX_LIBRARY = "libc++";
				CLANG_ENABLE_MODULES = YES;
				CLANG_ENABLE_OBJC_ARC = YES;
				CLANG_WARN_BOOL_CONVERSION = YES;
				CLANG_WARN_CONSTANT_CONVERSION = YES;
				CLANG_WARN_DIRECT_OBJC_ISA_USAGE = YES_ERROR;
				CLANG_WARN_DOCUMENTATION_COMMENTS = YES;
				CLANG_WARN_EMPTY_BODY = YES;
				CLANG_WARN_ENUM_CONVERSION = YES;
				CLANG_WARN_INFINITE_RECURSION = YES;
				CLANG_WARN_INT_CONVERSION = YES;
				CLANG_WARN_OBJC_ROOT_CLASS = YES_ERROR;
				CLANG_WARN_SUSPICIOUS_MOVE = YES;
				CLANG_WARN_UNREACHABLE_CODE = YES;
				CLANG_WARN__DUPLICATE_METHOD_MATCH = YES;
				"CODE_SIGN_IDENTITY[sdk=iphoneos*]" = "iPhone Developer";
				COPY_PHASE_STRIP = NO;
				DEBUG_INFORMATION_FORMAT = dwarf;
				ENABLE_STRICT_OBJC_MSGSEND = YES;
				ENABLE_TESTABILITY = YES;
				GCC_C_LANGUAGE_STANDARD = gnu99;
				GCC_DYNAMIC_NO_PIC = NO;
				GCC_NO_COMMON_BLOCKS = YES;
				GCC_OPTIMIZATION_LEVEL = 0;
				GCC_PREPROCESSOR_DEFINITIONS = (
					"DEBUG=1",
					"$(inherited)",
				);
				GCC_WARN_64_TO_32_BIT_CONVERSION = YES;
				GCC_WARN_ABOUT_RETURN_TYPE = YES_ERROR;
				GCC_WARN_UNDECLARED_SELECTOR = YES;
				GCC_WARN_UNINITIALIZED_AUTOS = YES_AGGRESSIVE;
				GCC_WARN_UNUSED_FUNCTION = YES;
				GCC_WARN_UNUSED_VARIABLE = YES;
				IPHONEOS_DEPLOYMENT_TARGET = 9.0;
				MTL_ENABLE_DEBUG_INFO = YES;
				ONLY_ACTIVE_ARCH = YES;
				SDKROOT = iphoneos;
				SWIFT_ACTIVE_COMPILATION_CONDITIONS = DEBUG;
				SWIFT_OPTIMIZATION_LEVEL = "-Onone";
				TARGETED_DEVICE_FAMILY = "1,2";
			};
			name = Debug;
		};
		F44C9C311E740C2100AD49B0 /* Release */ = {
			isa = XCBuildConfiguration;
			buildSettings = {
				ALWAYS_SEARCH_USER_PATHS = NO;
				CLANG_ANALYZER_NONNULL = YES;
				CLANG_CXX_LANGUAGE_STANDARD = "gnu++0x";
				CLANG_CXX_LIBRARY = "libc++";
				CLANG_ENABLE_MODULES = YES;
				CLANG_ENABLE_OBJC_ARC = YES;
				CLANG_WARN_BOOL_CONVERSION = YES;
				CLANG_WARN_CONSTANT_CONVERSION = YES;
				CLANG_WARN_DIRECT_OBJC_ISA_USAGE = YES_ERROR;
				CLANG_WARN_DOCUMENTATION_COMMENTS = YES;
				CLANG_WARN_EMPTY_BODY = YES;
				CLANG_WARN_ENUM_CONVERSION = YES;
				CLANG_WARN_INFINITE_RECURSION = YES;
				CLANG_WARN_INT_CONVERSION = YES;
				CLANG_WARN_OBJC_ROOT_CLASS = YES_ERROR;
				CLANG_WARN_SUSPICIOUS_MOVE = YES;
				CLANG_WARN_UNREACHABLE_CODE = YES;
				CLANG_WARN__DUPLICATE_METHOD_MATCH = YES;
				"CODE_SIGN_IDENTITY[sdk=iphoneos*]" = "iPhone Developer";
				COPY_PHASE_STRIP = NO;
				DEBUG_INFORMATION_FORMAT = "dwarf-with-dsym";
				ENABLE_NS_ASSERTIONS = NO;
				ENABLE_STRICT_OBJC_MSGSEND = YES;
				GCC_C_LANGUAGE_STANDARD = gnu99;
				GCC_NO_COMMON_BLOCKS = YES;
				GCC_WARN_64_TO_32_BIT_CONVERSION = YES;
				GCC_WARN_ABOUT_RETURN_TYPE = YES_ERROR;
				GCC_WARN_UNDECLARED_SELECTOR = YES;
				GCC_WARN_UNINITIALIZED_AUTOS = YES_AGGRESSIVE;
				GCC_WARN_UNUSED_FUNCTION = YES;
				GCC_WARN_UNUSED_VARIABLE = YES;
				IPHONEOS_DEPLOYMENT_TARGET = 9.0;
				MTL_ENABLE_DEBUG_INFO = NO;
				SDKROOT = iphoneos;
				SWIFT_OPTIMIZATION_LEVEL = "-Owholemodule";
				TARGETED_DEVICE_FAMILY = "1,2";
				VALIDATE_PRODUCT = YES;
			};
			name = Release;
		};
		F44C9C331E740C2100AD49B0 /* Debug */ = {
			isa = XCBuildConfiguration;
			buildSettings = {
				ASSETCATALOG_COMPILER_APPICON_NAME = AppIcon;
				DEVELOPMENT_TEAM = JYTG24W8TM;
				INFOPLIST_FILE = ImageMagic/Info.plist;
				IPHONEOS_DEPLOYMENT_TARGET = 9.0;
				LD_RUNPATH_SEARCH_PATHS = "$(inherited) @executable_path/Frameworks";
				PRODUCT_BUNDLE_IDENTIFIER = com.test.ImageMagic;
				PRODUCT_NAME = "$(TARGET_NAME)";
				SWIFT_VERSION = 3.0;
			};
			name = Debug;
		};
		F44C9C341E740C2100AD49B0 /* Release */ = {
			isa = XCBuildConfiguration;
			buildSettings = {
				ASSETCATALOG_COMPILER_APPICON_NAME = AppIcon;
				DEVELOPMENT_TEAM = JYTG24W8TM;
				INFOPLIST_FILE = ImageMagic/Info.plist;
				IPHONEOS_DEPLOYMENT_TARGET = 9.0;
				LD_RUNPATH_SEARCH_PATHS = "$(inherited) @executable_path/Frameworks";
				PRODUCT_BUNDLE_IDENTIFIER = com.test.ImageMagic;
				PRODUCT_NAME = "$(TARGET_NAME)";
				SWIFT_VERSION = 3.0;
			};
			name = Release;
		};
/* End XCBuildConfiguration section */

/* Begin XCConfigurationList section */
		F44C9C1B1E740C2100AD49B0 /* Build configuration list for PBXProject "ImageMagic" */ = {
			isa = XCConfigurationList;
			buildConfigurations = (
				F44C9C301E740C2100AD49B0 /* Debug */,
				F44C9C311E740C2100AD49B0 /* Release */,
			);
			defaultConfigurationIsVisible = 0;
			defaultConfigurationName = Release;
		};
		F44C9C321E740C2100AD49B0 /* Build configuration list for PBXNativeTarget "ImageMagic" */ = {
			isa = XCConfigurationList;
			buildConfigurations = (
				F44C9C331E740C2100AD49B0 /* Debug */,
				F44C9C341E740C2100AD49B0 /* Release */,
			);
			defaultConfigurationIsVisible = 0;
		};
/* End XCConfigurationList section */
	};
	rootObject = F44C9C181E740C2100AD49B0 /* Project object */;
}
