// !$*UTF8*$!
{
	archiveVersion = 1;
	classes = {
	};
	objectVersion = 46;
	objects = {

/* Begin PBXBuildFile section */
		F4762B501EA7C94000990DBC /* AppDelegate.swift in Sources */ = {isa = PBXBuildFile; fileRef = F4762B4F1EA7C94000990DBC /* AppDelegate.swift */; };
		F4762B521EA7C94000990DBC /* ViewController.swift in Sources */ = {isa = PBXBuildFile; fileRef = F4762B511EA7C94000990DBC /* ViewController.swift */; };
		F4762B551EA7C94000990DBC /* Main.storyboard in Resources */ = {isa = PBXBuildFile; fileRef = F4762B531EA7C94000990DBC /* Main.storyboard */; };
		F4762B581EA7C94000990DBC /* ScrollDemo.xcdatamodeld in Sources */ = {isa = PBXBuildFile; fileRef = F4762B561EA7C94000990DBC /* ScrollDemo.xcdatamodeld */; };
		F4762B5A1EA7C94000990DBC /* Assets.xcassets in Resources */ = {isa = PBXBuildFile; fileRef = F4762B591EA7C94000990DBC /* Assets.xcassets */; };
		F4762B5D1EA7C94000990DBC /* LaunchScreen.storyboard in Resources */ = {isa = PBXBuildFile; fileRef = F4762B5B1EA7C94000990DBC /* LaunchScreen.storyboard */; };
/* End PBXBuildFile section */

/* Begin PBXFileReference section */
		F4762B4C1EA7C94000990DBC /* ScrollDemo.app */ = {isa = PBXFileReference; explicitFileType = wrapper.application; includeInIndex = 0; path = ScrollDemo.app; sourceTree = BUILT_PRODUCTS_DIR; };
		F4762B4F1EA7C94000990DBC /* AppDelegate.swift */ = {isa = PBXFileReference; lastKnownFileType = sourcecode.swift; path = AppDelegate.swift; sourceTree = "<group>"; };
		F4762B511EA7C94000990DBC /* ViewController.swift */ = {isa = PBXFileReference; lastKnownFileType = sourcecode.swift; path = ViewController.swift; sourceTree = "<group>"; };
		F4762B541EA7C94000990DBC /* Base */ = {isa = PBXFileReference; lastKnownFileType = file.storyboard; name = Base; path = Base.lproj/Main.storyboard; sourceTree = "<group>"; };
		F4762B571EA7C94000990DBC /* ScrollDemo.xcdatamodel */ = {isa = PBXFileReference; lastKnownFileType = wrapper.xcdatamodel; path = ScrollDemo.xcdatamodel; sourceTree = "<group>"; };
		F4762B591EA7C94000990DBC /* Assets.xcassets */ = {isa = PBXFileReference; lastKnownFileType = folder.assetcatalog; path = Assets.xcassets; sourceTree = "<group>"; };
		F4762B5C1EA7C94000990DBC /* Base */ = {isa = PBXFileReference; lastKnownFileType = file.storyboard; name = Base; path = Base.lproj/LaunchScreen.storyboard; sourceTree = "<group>"; };
		F4762B5E1EA7C94000990DBC /* Info.plist */ = {isa = PBXFileReference; lastKnownFileType = text.plist.xml; path = Info.plist; sourceTree = "<group>"; };
/* End PBXFileReference section */

/* Begin PBXFrameworksBuildPhase section */
		F4762B491EA7C94000990DBC /* Frameworks */ = {
			isa = PBXFrameworksBuildPhase;
			buildActionMask = 2147483647;
			files = (
			);
			runOnlyForDeploymentPostprocessing = 0;
		};
/* End PBXFrameworksBuildPhase section */

/* Begin PBXGroup section */
		F4762B431EA7C94000990DBC = {
			isa = PBXGroup;
			children = (
				F4762B4E1EA7C94000990DBC /* ScrollDemo */,
				F4762B4D1EA7C94000990DBC /* Products */,
			);
			sourceTree = "<group>";
		};
		F4762B4D1EA7C94000990DBC /* Products */ = {
			isa = PBXGroup;
			children = (
				F4762B4C1EA7C94000990DBC /* ScrollDemo.app */,
			);
			name = Products;
			sourceTree = "<group>";
		};
		F4762B4E1EA7C94000990DBC /* ScrollDemo */ = {
			isa = PBXGroup;
			children = (
				F4762B4F1EA7C94000990DBC /* AppDelegate.swift */,
				F4762B511EA7C94000990DBC /* ViewController.swift */,
				F4762B531EA7C94000990DBC /* Main.storyboard */,
				F4762B591EA7C94000990DBC /* Assets.xcassets */,
				F4762B5B1EA7C94000990DBC /* LaunchScreen.storyboard */,
				F4762B5E1EA7C94000990DBC /* Info.plist */,
				F4762B561EA7C94000990DBC /* ScrollDemo.xcdatamodeld */,
			);
			path = ScrollDemo;
			sourceTree = "<group>";
		};
/* End PBXGroup section */

/* Begin PBXNativeTarget section */
		F4762B4B1EA7C94000990DBC /* ScrollDemo */ = {
			isa = PBXNativeTarget;
			buildConfigurationList = F4762B611EA7C94000990DBC /* Build configuration list for PBXNativeTarget "ScrollDemo" */;
			buildPhases = (
				F4762B481EA7C94000990DBC /* Sources */,
				F4762B491EA7C94000990DBC /* Frameworks */,
				F4762B4A1EA7C94000990DBC /* Resources */,
			);
			buildRules = (
			);
			dependencies = (
			);
			name = ScrollDemo;
			productName = ScrollDemo;
			productReference = F4762B4C1EA7C94000990DBC /* ScrollDemo.app */;
			productType = "com.apple.product-type.application";
		};
/* End PBXNativeTarget section */

/* Begin PBXProject section */
		F4762B441EA7C94000990DBC /* Project object */ = {
			isa = PBXProject;
			attributes = {
				LastSwiftUpdateCheck = 0820;
				LastUpgradeCheck = 0820;
				ORGANIZATIONNAME = Arun;
				TargetAttributes = {
					F4762B4B1EA7C94000990DBC = {
						CreatedOnToolsVersion = 8.2.1;
						ProvisioningStyle = Automatic;
					};
				};
			};
			buildConfigurationList = F4762B471EA7C94000990DBC /* Build configuration list for PBXProject "ScrollDemo" */;
			compatibilityVersion = "Xcode 3.2";
			developmentRegion = English;
			hasScannedForEncodings = 0;
			knownRegions = (
				en,
				Base,
			);
			mainGroup = F4762B431EA7C94000990DBC;
			productRefGroup = F4762B4D1EA7C94000990DBC /* Products */;
			projectDirPath = "";
			projectRoot = "";
			targets = (
				F4762B4B1EA7C94000990DBC /* ScrollDemo */,
			);
		};
/* End PBXProject section */

/* Begin PBXResourcesBuildPhase section */
		F4762B4A1EA7C94000990DBC /* Resources */ = {
			isa = PBXResourcesBuildPhase;
			buildActionMask = 2147483647;
			files = (
				F4762B5D1EA7C94000990DBC /* LaunchScreen.storyboard in Resources */,
				F4762B5A1EA7C94000990DBC /* Assets.xcassets in Resources */,
				F4762B551EA7C94000990DBC /* Main.storyboard in Resources */,
			);
			runOnlyForDeploymentPostprocessing = 0;
		};
/* End PBXResourcesBuildPhase section */

/* Begin PBXSourcesBuildPhase section */
		F4762B481EA7C94000990DBC /* Sources */ = {
			isa = PBXSourcesBuildPhase;
			buildActionMask = 2147483647;
			files = (
				F4762B521EA7C94000990DBC /* ViewController.swift in Sources */,
				F4762B581EA7C94000990DBC /* ScrollDemo.xcdatamodeld in Sources */,
				F4762B501EA7C94000990DBC /* AppDelegate.swift in Sources */,
			);
			runOnlyForDeploymentPostprocessing = 0;
		};
/* End PBXSourcesBuildPhase section */

/* Begin PBXVariantGroup section */
		F4762B531EA7C94000990DBC /* Main.storyboard */ = {
			isa = PBXVariantGroup;
			children = (
				F4762B541EA7C94000990DBC /* Base */,
			);
			name = Main.storyboard;
			sourceTree = "<group>";
		};
		F4762B5B1EA7C94000990DBC /* LaunchScreen.storyboard */ = {
			isa = PBXVariantGroup;
			children = (
				F4762B5C1EA7C94000990DBC /* Base */,
			);
			name = LaunchScreen.storyboard;
			sourceTree = "<group>";
		};
/* End PBXVariantGroup section */

/* Begin XCBuildConfiguration section */
		F4762B5F1EA7C94000990DBC /* Debug */ = {
			isa = XCBuildConfiguration;
			buildSettings = {
				ALWAYS_SEARCH_USER_PATHS = NO;
				CLANG_ANALYZER_NONNULL = YES;
				CLANG_CXX_LANGUAGE_STANDARD = "gnu++0x";
				CLANG_CXX_LIBRARY = "libc++";
				CLANG_ENABLE_MODULES = YES;
				CLANG_ENABLE_OBJC_ARC = YES;
				CLANG_WARN_BOOL_CONVERSION = YES;
				CLANG_WARN_CONSTANT_CONVERSION = YES;
				CLANG_WARN_DIRECT_OBJC_ISA_USAGE = YES_ERROR;
				CLANG_WARN_DOCUMENTATION_COMMENTS = YES;
				CLANG_WARN_EMPTY_BODY = YES;
				CLANG_WARN_ENUM_CONVERSION = YES;
				CLANG_WARN_INFINITE_RECURSION = YES;
				CLANG_WARN_INT_CONVERSION = YES;
				CLANG_WARN_OBJC_ROOT_CLASS = YES_ERROR;
				CLANG_WARN_SUSPICIOUS_MOVE = YES;
				CLANG_WARN_UNREACHABLE_CODE = YES;
				CLANG_WARN__DUPLICATE_METHOD_MATCH = YES;
				"CODE_SIGN_IDENTITY[sdk=iphoneos*]" = "iPhone Developer";
				COPY_PHASE_STRIP = NO;
				DEBUG_INFORMATION_FORMAT = dwarf;
				ENABLE_STRICT_OBJC_MSGSEND = YES;
				ENABLE_TESTABILITY = YES;
				GCC_C_LANGUAGE_STANDARD = gnu99;
				GCC_DYNAMIC_NO_PIC = NO;
				GCC_NO_COMMON_BLOCKS = YES;
				GCC_OPTIMIZATION_LEVEL = 0;
				GCC_PREPROCESSOR_DEFINITIONS = (
					"DEBUG=1",
					"$(inherited)",
				);
				GCC_WARN_64_TO_32_BIT_CONVERSION = YES;
				GCC_WARN_ABOUT_RETURN_TYPE = YES_ERROR;
				GCC_WARN_UNDECLARED_SELECTOR = YES;
				GCC_WARN_UNINITIALIZED_AUTOS = YES_AGGRESSIVE;
				GCC_WARN_UNUSED_FUNCTION = YES;
				GCC_WARN_UNUSED_VARIABLE = YES;
				IPHONEOS_DEPLOYMENT_TARGET = 10.2;
				MTL_ENABLE_DEBUG_INFO = YES;
				ONLY_ACTIVE_ARCH = YES;
				SDKROOT = iphoneos;
				SWIFT_ACTIVE_COMPILATION_CONDITIONS = DEBUG;
				SWIFT_OPTIMIZATION_LEVEL = "-Onone";
				TARGETED_DEVICE_FAMILY = "1,2";
			};
			name = Debug;
		};
		F4762B601EA7C94000990DBC /* Release */ = {
			isa = XCBuildConfiguration;
			buildSettings = {
				ALWAYS_SEARCH_USER_PATHS = NO;
				CLANG_ANALYZER_NONNULL = YES;
				CLANG_CXX_LANGUAGE_STANDARD = "gnu++0x";
				CLANG_CXX_LIBRARY = "libc++";
				CLANG_ENABLE_MODULES = YES;
				CLANG_ENABLE_OBJC_ARC = YES;
				CLANG_WARN_BOOL_CONVERSION = YES;
				CLANG_WARN_CONSTANT_CONVERSION = YES;
				CLANG_WARN_DIRECT_OBJC_ISA_USAGE = YES_ERROR;
				CLANG_WARN_DOCUMENTATION_COMMENTS = YES;
				CLANG_WARN_EMPTY_BODY = YES;
				CLANG_WARN_ENUM_CONVERSION = YES;
				CLANG_WARN_INFINITE_RECURSION = YES;
				CLANG_WARN_INT_CONVERSION = YES;
				CLANG_WARN_OBJC_ROOT_CLASS = YES_ERROR;
				CLANG_WARN_SUSPICIOUS_MOVE = YES;
				CLANG_WARN_UNREACHABLE_CODE = YES;
				CLANG_WARN__DUPLICATE_METHOD_MATCH = YES;
				"CODE_SIGN_IDENTITY[sdk=iphoneos*]" = "iPhone Developer";
				COPY_PHASE_STRIP = NO;
				DEBUG_INFORMATION_FORMAT = "dwarf-with-dsym";
				ENABLE_NS_ASSERTIONS = NO;
				ENABLE_STRICT_OBJC_MSGSEND = YES;
				GCC_C_LANGUAGE_STANDARD = gnu99;
				GCC_NO_COMMON_BLOCKS = YES;
				GCC_WARN_64_TO_32_BIT_CONVERSION = YES;
				GCC_WARN_ABOUT_RETURN_TYPE = YES_ERROR;
				GCC_WARN_UNDECLARED_SELECTOR = YES;
				GCC_WARN_UNINITIALIZED_AUTOS = YES_AGGRESSIVE;
				GCC_WARN_UNUSED_FUNCTION = YES;
				GCC_WARN_UNUSED_VARIABLE = YES;
				IPHONEOS_DEPLOYMENT_TARGET = 10.2;
				MTL_ENABLE_DEBUG_INFO = NO;
				SDKROOT = iphoneos;
				SWIFT_OPTIMIZATION_LEVEL = "-Owholemodule";
				TARGETED_DEVICE_FAMILY = "1,2";
				VALIDATE_PRODUCT = YES;
			};
			name = Release;
		};
		F4762B621EA7C94000990DBC /* Debug */ = {
			isa = XCBuildConfiguration;
			buildSettings = {
				ASSETCATALOG_COMPILER_APPICON_NAME = AppIcon;
				INFOPLIST_FILE = ScrollDemo/Info.plist;
				LD_RUNPATH_SEARCH_PATHS = "$(inherited) @executable_path/Frameworks";
				PRODUCT_BUNDLE_IDENTIFIER = com.test.ScrollDemo;
				PRODUCT_NAME = "$(TARGET_NAME)";
				SWIFT_VERSION = 3.0;
			};
			name = Debug;
		};
		F4762B631EA7C94000990DBC /* Release */ = {
			isa = XCBuildConfiguration;
			buildSettings = {
				ASSETCATALOG_COMPILER_APPICON_NAME = AppIcon;
				INFOPLIST_FILE = ScrollDemo/Info.plist;
				LD_RUNPATH_SEARCH_PATHS = "$(inherited) @executable_path/Frameworks";
				PRODUCT_BUNDLE_IDENTIFIER = com.test.ScrollDemo;
				PRODUCT_NAME = "$(TARGET_NAME)";
				SWIFT_VERSION = 3.0;
			};
			name = Release;
		};
/* End XCBuildConfiguration section */

/* Begin XCConfigurationList section */
		F4762B471EA7C94000990DBC /* Build configuration list for PBXProject "ScrollDemo" */ = {
			isa = XCConfigurationList;
			buildConfigurations = (
				F4762B5F1EA7C94000990DBC /* Debug */,
				F4762B601EA7C94000990DBC /* Release */,
			);
			defaultConfigurationIsVisible = 0;
			defaultConfigurationName = Release;
		};
		F4762B611EA7C94000990DBC /* Build configuration list for PBXNativeTarget "ScrollDemo" */ = {
			isa = XCConfigurationList;
			buildConfigurations = (
				F4762B621EA7C94000990DBC /* Debug */,
				F4762B631EA7C94000990DBC /* Release */,
			);
			defaultConfigurationIsVisible = 0;
		};
/* End XCConfigurationList section */

/* Begin XCVersionGroup section */
		F4762B561EA7C94000990DBC /* ScrollDemo.xcdatamodeld */ = {
			isa = XCVersionGroup;
			children = (
				F4762B571EA7C94000990DBC /* ScrollDemo.xcdatamodel */,
			);
			currentVersion = F4762B571EA7C94000990DBC /* ScrollDemo.xcdatamodel */;
			path = ScrollDemo.xcdatamodeld;
			sourceTree = "<group>";
			versionGroupType = wrapper.xcdatamodel;
		};
/* End XCVersionGroup section */
	};
	rootObject = F4762B441EA7C94000990DBC /* Project object */;
}
