// !$*UTF8*$!
{
	archiveVersion = 1;
	classes = {
	};
	objectVersion = 46;
	objects = {

/* Begin PBXBuildFile section */
		F401E93E1CE9D1BF00F663E9 /* AppDelegate.swift in Sources */ = {isa = PBXBuildFile; fileRef = F401E93D1CE9D1BF00F663E9 /* AppDelegate.swift */; };
		F401E9401CE9D1BF00F663E9 /* ViewController.swift in Sources */ = {isa = PBXBuildFile; fileRef = F401E93F1CE9D1BF00F663E9 /* ViewController.swift */; };
		F401E9431CE9D1BF00F663E9 /* Main.storyboard in Resources */ = {isa = PBXBuildFile; fileRef = F401E9411CE9D1BF00F663E9 /* Main.storyboard */; };
		F401E9451CE9D1BF00F663E9 /* Assets.xcassets in Resources */ = {isa = PBXBuildFile; fileRef = F401E9441CE9D1BF00F663E9 /* Assets.xcassets */; };
		F401E9481CE9D1BF00F663E9 /* LaunchScreen.storyboard in Resources */ = {isa = PBXBuildFile; fileRef = F401E9461CE9D1BF00F663E9 /* LaunchScreen.storyboard */; };
/* End PBXBuildFile section */

/* Begin PBXFileReference section */
		F401E93A1CE9D1BF00F663E9 /* AdaptiveUILabel.app */ = {isa = PBXFileReference; explicitFileType = wrapper.application; includeInIndex = 0; path = AdaptiveUILabel.app; sourceTree = BUILT_PRODUCTS_DIR; };
		F401E93D1CE9D1BF00F663E9 /* AppDelegate.swift */ = {isa = PBXFileReference; lastKnownFileType = sourcecode.swift; path = AppDelegate.swift; sourceTree = "<group>"; };
		F401E93F1CE9D1BF00F663E9 /* ViewController.swift */ = {isa = PBXFileReference; lastKnownFileType = sourcecode.swift; path = ViewController.swift; sourceTree = "<group>"; };
		F401E9421CE9D1BF00F663E9 /* Base */ = {isa = PBXFileReference; lastKnownFileType = file.storyboard; name = Base; path = Base.lproj/Main.storyboard; sourceTree = "<group>"; };
		F401E9441CE9D1BF00F663E9 /* Assets.xcassets */ = {isa = PBXFileReference; lastKnownFileType = folder.assetcatalog; path = Assets.xcassets; sourceTree = "<group>"; };
		F401E9471CE9D1BF00F663E9 /* Base */ = {isa = PBXFileReference; lastKnownFileType = file.storyboard; name = Base; path = Base.lproj/LaunchScreen.storyboard; sourceTree = "<group>"; };
		F401E9491CE9D1BF00F663E9 /* Info.plist */ = {isa = PBXFileReference; lastKnownFileType = text.plist.xml; path = Info.plist; sourceTree = "<group>"; };
/* End PBXFileReference section */

/* Begin PBXFrameworksBuildPhase section */
		F401E9371CE9D1BF00F663E9 /* Frameworks */ = {
			isa = PBXFrameworksBuildPhase;
			buildActionMask = 2147483647;
			files = (
			);
			runOnlyForDeploymentPostprocessing = 0;
		};
/* End PBXFrameworksBuildPhase section */

/* Begin PBXGroup section */
		F401E9311CE9D1BF00F663E9 = {
			isa = PBXGroup;
			children = (
				F401E93C1CE9D1BF00F663E9 /* AdaptiveUILabel */,
				F401E93B1CE9D1BF00F663E9 /* Products */,
			);
			sourceTree = "<group>";
		};
		F401E93B1CE9D1BF00F663E9 /* Products */ = {
			isa = PBXGroup;
			children = (
				F401E93A1CE9D1BF00F663E9 /* AdaptiveUILabel.app */,
			);
			name = Products;
			sourceTree = "<group>";
		};
		F401E93C1CE9D1BF00F663E9 /* AdaptiveUILabel */ = {
			isa = PBXGroup;
			children = (
				F401E93D1CE9D1BF00F663E9 /* AppDelegate.swift */,
				F401E93F1CE9D1BF00F663E9 /* ViewController.swift */,
				F401E9411CE9D1BF00F663E9 /* Main.storyboard */,
				F401E9441CE9D1BF00F663E9 /* Assets.xcassets */,
				F401E9461CE9D1BF00F663E9 /* LaunchScreen.storyboard */,
				F401E9491CE9D1BF00F663E9 /* Info.plist */,
			);
			path = AdaptiveUILabel;
			sourceTree = "<group>";
		};
/* End PBXGroup section */

/* Begin PBXNativeTarget section */
		F401E9391CE9D1BF00F663E9 /* AdaptiveUILabel */ = {
			isa = PBXNativeTarget;
			buildConfigurationList = F401E94C1CE9D1BF00F663E9 /* Build configuration list for PBXNativeTarget "AdaptiveUILabel" */;
			buildPhases = (
				F401E9361CE9D1BF00F663E9 /* Sources */,
				F401E9371CE9D1BF00F663E9 /* Frameworks */,
				F401E9381CE9D1BF00F663E9 /* Resources */,
			);
			buildRules = (
			);
			dependencies = (
			);
			name = AdaptiveUILabel;
			productName = AdaptiveUILabel;
			productReference = F401E93A1CE9D1BF00F663E9 /* AdaptiveUILabel.app */;
			productType = "com.apple.product-type.application";
		};
/* End PBXNativeTarget section */

/* Begin PBXProject section */
		F401E9321CE9D1BF00F663E9 /* Project object */ = {
			isa = PBXProject;
			attributes = {
				LastSwiftUpdateCheck = 0730;
				LastUpgradeCheck = 0730;
				ORGANIZATIONNAME = Arun;
				TargetAttributes = {
					F401E9391CE9D1BF00F663E9 = {
						CreatedOnToolsVersion = 7.3;
					};
				};
			};
			buildConfigurationList = F401E9351CE9D1BF00F663E9 /* Build configuration list for PBXProject "AdaptiveUILabel" */;
			compatibilityVersion = "Xcode 3.2";
			developmentRegion = English;
			hasScannedForEncodings = 0;
			knownRegions = (
				en,
				Base,
			);
			mainGroup = F401E9311CE9D1BF00F663E9;
			productRefGroup = F401E93B1CE9D1BF00F663E9 /* Products */;
			projectDirPath = "";
			projectRoot = "";
			targets = (
				F401E9391CE9D1BF00F663E9 /* AdaptiveUILabel */,
			);
		};
/* End PBXProject section */

/* Begin PBXResourcesBuildPhase section */
		F401E9381CE9D1BF00F663E9 /* Resources */ = {
			isa = PBXResourcesBuildPhase;
			buildActionMask = 2147483647;
			files = (
				F401E9481CE9D1BF00F663E9 /* LaunchScreen.storyboard in Resources */,
				F401E9451CE9D1BF00F663E9 /* Assets.xcassets in Resources */,
				F401E9431CE9D1BF00F663E9 /* Main.storyboard in Resources */,
			);
			runOnlyForDeploymentPostprocessing = 0;
		};
/* End PBXResourcesBuildPhase section */

/* Begin PBXSourcesBuildPhase section */
		F401E9361CE9D1BF00F663E9 /* Sources */ = {
			isa = PBXSourcesBuildPhase;
			buildActionMask = 2147483647;
			files = (
				F401E9401CE9D1BF00F663E9 /* ViewController.swift in Sources */,
				F401E93E1CE9D1BF00F663E9 /* AppDelegate.swift in Sources */,
			);
			runOnlyForDeploymentPostprocessing = 0;
		};
/* End PBXSourcesBuildPhase section */

/* Begin PBXVariantGroup section */
		F401E9411CE9D1BF00F663E9 /* Main.storyboard */ = {
			isa = PBXVariantGroup;
			children = (
				F401E9421CE9D1BF00F663E9 /* Base */,
			);
			name = Main.storyboard;
			sourceTree = "<group>";
		};
		F401E9461CE9D1BF00F663E9 /* LaunchScreen.storyboard */ = {
			isa = PBXVariantGroup;
			children = (
				F401E9471CE9D1BF00F663E9 /* Base */,
			);
			name = LaunchScreen.storyboard;
			sourceTree = "<group>";
		};
/* End PBXVariantGroup section */

/* Begin XCBuildConfiguration section */
		F401E94A1CE9D1BF00F663E9 /* Debug */ = {
			isa = XCBuildConfiguration;
			buildSettings = {
				ALWAYS_SEARCH_USER_PATHS = NO;
				CLANG_ANALYZER_NONNULL = YES;
				CLANG_CXX_LANGUAGE_STANDARD = "gnu++0x";
				CLANG_CXX_LIBRARY = "libc++";
				CLANG_ENABLE_MODULES = YES;
				CLANG_ENABLE_OBJC_ARC = YES;
				CLANG_WARN_BOOL_CONVERSION = YES;
				CLANG_WARN_CONSTANT_CONVERSION = YES;
				CLANG_WARN_DIRECT_OBJC_ISA_USAGE = YES_ERROR;
				CLANG_WARN_EMPTY_BODY = YES;
				CLANG_WARN_ENUM_CONVERSION = YES;
				CLANG_WARN_INT_CONVERSION = YES;
				CLANG_WARN_OBJC_ROOT_CLASS = YES_ERROR;
				CLANG_WARN_UNREACHABLE_CODE = YES;
				CLANG_WARN__DUPLICATE_METHOD_MATCH = YES;
				"CODE_SIGN_IDENTITY[sdk=iphoneos*]" = "iPhone Developer";
				COPY_PHASE_STRIP = NO;
				DEBUG_INFORMATION_FORMAT = dwarf;
				ENABLE_STRICT_OBJC_MSGSEND = YES;
				ENABLE_TESTABILITY = YES;
				GCC_C_LANGUAGE_STANDARD = gnu99;
				GCC_DYNAMIC_NO_PIC = NO;
				GCC_NO_COMMON_BLOCKS = YES;
				GCC_OPTIMIZATION_LEVEL = 0;
				GCC_PREPROCESSOR_DEFINITIONS = (
					"DEBUG=1",
					"$(inherited)",
				);
				GCC_WARN_64_TO_32_BIT_CONVERSION = YES;
				GCC_WARN_ABOUT_RETURN_TYPE = YES_ERROR;
				GCC_WARN_UNDECLARED_SELECTOR = YES;
				GCC_WARN_UNINITIALIZED_AUTOS = YES_AGGRESSIVE;
				GCC_WARN_UNUSED_FUNCTION = YES;
				GCC_WARN_UNUSED_VARIABLE = YES;
				IPHONEOS_DEPLOYMENT_TARGET = 9.3;
				MTL_ENABLE_DEBUG_INFO = YES;
				ONLY_ACTIVE_ARCH = YES;
				SDKROOT = iphoneos;
				SWIFT_OPTIMIZATION_LEVEL = "-Onone";
				TARGETED_DEVICE_FAMILY = "1,2";
			};
			name = Debug;
		};
		F401E94B1CE9D1BF00F663E9 /* Release */ = {
			isa = XCBuildConfiguration;
			buildSettings = {
				ALWAYS_SEARCH_USER_PATHS = NO;
				CLANG_ANALYZER_NONNULL = YES;
				CLANG_CXX_LANGUAGE_STANDARD = "gnu++0x";
				CLANG_CXX_LIBRARY = "libc++";
				CLANG_ENABLE_MODULES = YES;
				CLANG_ENABLE_OBJC_ARC = YES;
				CLANG_WARN_BOOL_CONVERSION = YES;
				CLANG_WARN_CONSTANT_CONVERSION = YES;
				CLANG_WARN_DIRECT_OBJC_ISA_USAGE = YES_ERROR;
				CLANG_WARN_EMPTY_BODY = YES;
				CLANG_WARN_ENUM_CONVERSION = YES;
				CLANG_WARN_INT_CONVERSION = YES;
				CLANG_WARN_OBJC_ROOT_CLASS = YES_ERROR;
				CLANG_WARN_UNREACHABLE_CODE = YES;
				CLANG_WARN__DUPLICATE_METHOD_MATCH = YES;
				"CODE_SIGN_IDENTITY[sdk=iphoneos*]" = "iPhone Developer";
				COPY_PHASE_STRIP = NO;
				DEBUG_INFORMATION_FORMAT = "dwarf-with-dsym";
				ENABLE_NS_ASSERTIONS = NO;
				ENABLE_STRICT_OBJC_MSGSEND = YES;
				GCC_C_LANGUAGE_STANDARD = gnu99;
				GCC_NO_COMMON_BLOCKS = YES;
				GCC_WARN_64_TO_32_BIT_CONVERSION = YES;
				GCC_WARN_ABOUT_RETURN_TYPE = YES_ERROR;
				GCC_WARN_UNDECLARED_SELECTOR = YES;
				GCC_WARN_UNINITIALIZED_AUTOS = YES_AGGRESSIVE;
				GCC_WARN_UNUSED_FUNCTION = YES;
				GCC_WARN_UNUSED_VARIABLE = YES;
				IPHONEOS_DEPLOYMENT_TARGET = 9.3;
				MTL_ENABLE_DEBUG_INFO = NO;
				SDKROOT = iphoneos;
				TARGETED_DEVICE_FAMILY = "1,2";
				VALIDATE_PRODUCT = YES;
			};
			name = Release;
		};
		F401E94D1CE9D1BF00F663E9 /* Debug */ = {
			isa = XCBuildConfiguration;
			buildSettings = {
				ASSETCATALOG_COMPILER_APPICON_NAME = AppIcon;
				INFOPLIST_FILE = AdaptiveUILabel/Info.plist;
				LD_RUNPATH_SEARCH_PATHS = "$(inherited) @executable_path/Frameworks";
				PRODUCT_BUNDLE_IDENTIFIER = com.test.demoId.AdaptiveUILabel;
				PRODUCT_NAME = "$(TARGET_NAME)";
			};
			name = Debug;
		};
		F401E94E1CE9D1BF00F663E9 /* Release */ = {
			isa = XCBuildConfiguration;
			buildSettings = {
				ASSETCATALOG_COMPILER_APPICON_NAME = AppIcon;
				INFOPLIST_FILE = AdaptiveUILabel/Info.plist;
				LD_RUNPATH_SEARCH_PATHS = "$(inherited) @executable_path/Frameworks";
				PRODUCT_BUNDLE_IDENTIFIER = com.test.demoId.AdaptiveUILabel;
				PRODUCT_NAME = "$(TARGET_NAME)";
			};
			name = Release;
		};
/* End XCBuildConfiguration section */

/* Begin XCConfigurationList section */
		F401E9351CE9D1BF00F663E9 /* Build configuration list for PBXProject "AdaptiveUILabel" */ = {
			isa = XCConfigurationList;
			buildConfigurations = (
				F401E94A1CE9D1BF00F663E9 /* Debug */,
				F401E94B1CE9D1BF00F663E9 /* Release */,
			);
			defaultConfigurationIsVisible = 0;
			defaultConfigurationName = Release;
		};
		F401E94C1CE9D1BF00F663E9 /* Build configuration list for PBXNativeTarget "AdaptiveUILabel" */ = {
			isa = XCConfigurationList;
			buildConfigurations = (
				F401E94D1CE9D1BF00F663E9 /* Debug */,
				F401E94E1CE9D1BF00F663E9 /* Release */,
			);
			defaultConfigurationIsVisible = 0;
		};
/* End XCConfigurationList section */
	};
	rootObject = F401E9321CE9D1BF00F663E9 /* Project object */;
}
